
Microsoft Visual Studio Solution File, Format Version 12.00
# Visual Studio Version 17
VisualStudioVersion = 17.1.32421.90
MinimumVisualStudioVersion = 10.0.40219.1
Project("{FAE04EC0-301F-11D3-BF4B-00C04F79EFBC}") = "WindowsFormsApp калькулятор", "WindowsFormsApp калькулятор\WindowsFormsApp калькулятор.csproj", "{592E8949-2B8F-446D-93E1-BBA6756911D6}"
EndProject
Global
	GlobalSection(SolutionConfigurationPlatforms) = preSolution
		Debug|Any CPU = Debug|Any CPU
		Release|Any CPU = Release|Any CPU
	EndGlobalSection
	GlobalSection(ProjectConfigurationPlatforms) = postSolution
		{592E8949-2B8F-446D-93E1-BBA6756911D6}.Debug|Any CPU.ActiveCfg = Debug|Any CPU
		{592E8949-2B8F-446D-93E1-BBA6756911D6}.Debug|Any CPU.Build.0 = Debug|Any CPU
		{592E8949-2B8F-446D-93E1-BBA6756911D6}.Release|Any CPU.ActiveCfg = Release|Any CPU
		{592E8949-2B8F-446D-93E1-BBA6756911D6}.Release|Any CPU.Build.0 = Release|Any CPU
	EndGlobalSection
	GlobalSection(SolutionProperties) = preSolution
		HideSolutionNode = FALSE
	EndGlobalSection
	GlobalSection(ExtensibilityGlobals) = postSolution
		SolutionGuid = {DB4EC1A1-F7F9-437B-883F-196056E22FF4}
	EndGlobalSection
EndGlobal
